
Microsoft Visual Studio Solution File, Format Version 12.00
# Visual Studio 15
VisualStudioVersion = 15.0.27428.2043
MinimumVisualStudioVersion = 10.0.40219.1
Project("{FAE04EC0-301F-11D3-BF4B-00C04F79EFBC}") = "SvgMakerCore", "SvgMakerCore\SvgMakerCore.csproj", "{336A0B79-E769-409B-8298-6B6A1E7593BC}"
EndProject
Project("{FAE04EC0-301F-11D3-BF4B-00C04F79EFBC}") = "OperationSystem", "OperationSystem\OperationSystem.csproj", "{807797B9-6657-4ABD-9316-2B6C5770B776}"
EndProject
Global
	GlobalSection(SolutionConfigurationPlatforms) = preSolution
		Debug|Any CPU = Debug|Any CPU
		Release|Any CPU = Release|Any CPU
	EndGlobalSection
	GlobalSection(ProjectConfigurationPlatforms) = postSolution
		{336A0B79-E769-409B-8298-6B6A1E7593BC}.Debug|Any CPU.ActiveCfg = Debug|Any CPU
		{336A0B79-E769-409B-8298-6B6A1E7593BC}.Debug|Any CPU.Build.0 = Debug|Any CPU
		{336A0B79-E769-409B-8298-6B6A1E7593BC}.Release|Any CPU.ActiveCfg = Release|Any CPU
		{336A0B79-E769-409B-8298-6B6A1E7593BC}.Release|Any CPU.Build.0 = Release|Any CPU
		{807797B9-6657-4ABD-9316-2B6C5770B776}.Debug|Any CPU.ActiveCfg = Debug|Any CPU
		{807797B9-6657-4ABD-9316-2B6C5770B776}.Debug|Any CPU.Build.0 = Debug|Any CPU
		{807797B9-6657-4ABD-9316-2B6C5770B776}.Release|Any CPU.ActiveCfg = Release|Any CPU
		{807797B9-6657-4ABD-9316-2B6C5770B776}.Release|Any CPU.Build.0 = Release|Any CPU
	EndGlobalSection
	GlobalSection(SolutionProperties) = preSolution
		HideSolutionNode = FALSE
	EndGlobalSection
	GlobalSection(ExtensibilityGlobals) = postSolution
		SolutionGuid = {1784250E-42BC-44C3-BA9B-6A091D81DC41}
	EndGlobalSection
EndGlobal
